
Microsoft Visual Studio Solution File, Format Version 12.00
# Visual Studio Version 16
VisualStudioVersion = 16.0.31729.503
MinimumVisualStudioVersion = 10.0.40219.1
Project("{FAE04EC0-301F-11D3-BF4B-00C04F79EFBC}") = "Nyuszi_Roka", "Nyuszi_Roka\Nyuszi_Roka.csproj", "{2300879F-70F5-43E7-9882-140A601EC405}"
EndProject
Global
	GlobalSection(SolutionConfigurationPlatforms) = preSolution
		Debug|Any CPU = Debug|Any CPU
		Release|Any CPU = Release|Any CPU
	EndGlobalSection
	GlobalSection(ProjectConfigurationPlatforms) = postSolution
		{2300879F-70F5-43E7-9882-140A601EC405}.Debug|Any CPU.ActiveCfg = Debug|Any CPU
		{2300879F-70F5-43E7-9882-140A601EC405}.Debug|Any CPU.Build.0 = Debug|Any CPU
		{2300879F-70F5-43E7-9882-140A601EC405}.Release|Any CPU.ActiveCfg = Release|Any CPU
		{2300879F-70F5-43E7-9882-140A601EC405}.Release|Any CPU.Build.0 = Release|Any CPU
	EndGlobalSection
	GlobalSection(SolutionProperties) = preSolution
		HideSolutionNode = FALSE
	EndGlobalSection
	GlobalSection(ExtensibilityGlobals) = postSolution
		SolutionGuid = {DBEA723D-EA9A-40C2-ADF7-DBF77E1BBF3B}
	EndGlobalSection
EndGlobal
